
Microsoft Visual Studio Solution File, Format Version 12.00
# Visual Studio 15
VisualStudioVersion = 15.0.27130.2036
MinimumVisualStudioVersion = 10.0.40219.1
Project("{FAE04EC0-301F-11D3-BF4B-00C04F79EFBC}") = "MfmDecoder", "MfmDecoder.csproj", "{AB14644C-B618-471B-A007-F1AB898D88BE}"
EndProject
Global
	GlobalSection(SolutionConfigurationPlatforms) = preSolution
		Debug|Any CPU = Debug|Any CPU
		Release|Any CPU = Release|Any CPU
	EndGlobalSection
	GlobalSection(ProjectConfigurationPlatforms) = postSolution
		{AB14644C-B618-471B-A007-F1AB898D88BE}.Debug|Any CPU.ActiveCfg = Debug|Any CPU
		{AB14644C-B618-471B-A007-F1AB898D88BE}.Debug|Any CPU.Build.0 = Debug|Any CPU
		{AB14644C-B618-471B-A007-F1AB898D88BE}.Release|Any CPU.ActiveCfg = Release|Any CPU
		{AB14644C-B618-471B-A007-F1AB898D88BE}.Release|Any CPU.Build.0 = Release|Any CPU
	EndGlobalSection
	GlobalSection(SolutionProperties) = preSolution
		HideSolutionNode = FALSE
	EndGlobalSection
	GlobalSection(ExtensibilityGlobals) = postSolution
		SolutionGuid = {F554C9F7-DD18-47A0-A9DC-4F0F5DD868D5}
	EndGlobalSection
EndGlobal
